
Microsoft Visual Studio Solution File, Format Version 12.00
# Visual Studio Version 16
VisualStudioVersion = 16.0.30503.244
MinimumVisualStudioVersion = 15.0.26124.0
Project("{9A19103F-16F7-4668-BE54-9A1E7A4F7556}") = "BlogContext", "BlogContext\BlogContext.csproj", "{A1D63A0E-8E00-4D6F-8987-522A69F18C5F}"
EndProject
Project("{9A19103F-16F7-4668-BE54-9A1E7A4F7556}") = "BlogData", "BlogData\BlogData.csproj", "{3CF738BB-7654-46AA-8454-4DD833D0B159}"
EndProject
Project("{9A19103F-16F7-4668-BE54-9A1E7A4F7556}") = "BlogMvc", "BlogMvc\BlogMvc.csproj", "{88763437-D0D5-4ABD-AAAF-93DEA94C25B7}"
EndProject
Project("{9A19103F-16F7-4668-BE54-9A1E7A4F7556}") = "BlogServices", "BlogServices\BlogServices.csproj", "{27888A6B-05ED-4B68-8EBF-528241217C15}"
EndProject
Project("{9A19103F-16F7-4668-BE54-9A1E7A4F7556}") = "BlogTests", "BlogTests\BlogTests.csproj", "{894E4304-27DA-4452-8E60-36EE87C615F2}"
EndProject
Project("{9A19103F-16F7-4668-BE54-9A1E7A4F7556}") = "BlogFakes", "BlogFakes\BlogFakes.csproj", "{01B3AC7A-8356-42A2-8025-26F554493296}"
EndProject
Global
	GlobalSection(SolutionConfigurationPlatforms) = preSolution
		Debug|Any CPU = Debug|Any CPU
		Debug|x64 = Debug|x64
		Debug|x86 = Debug|x86
		Release|Any CPU = Release|Any CPU
		Release|x64 = Release|x64
		Release|x86 = Release|x86
	EndGlobalSection
	GlobalSection(ProjectConfigurationPlatforms) = postSolution
		{A1D63A0E-8E00-4D6F-8987-522A69F18C5F}.Debug|Any CPU.ActiveCfg = Debug|Any CPU
		{A1D63A0E-8E00-4D6F-8987-522A69F18C5F}.Debug|Any CPU.Build.0 = Debug|Any CPU
		{A1D63A0E-8E00-4D6F-8987-522A69F18C5F}.Debug|x64.ActiveCfg = Debug|Any CPU
		{A1D63A0E-8E00-4D6F-8987-522A69F18C5F}.Debug|x64.Build.0 = Debug|Any CPU
		{A1D63A0E-8E00-4D6F-8987-522A69F18C5F}.Debug|x86.ActiveCfg = Debug|Any CPU
		{A1D63A0E-8E00-4D6F-8987-522A69F18C5F}.Debug|x86.Build.0 = Debug|Any CPU
		{A1D63A0E-8E00-4D6F-8987-522A69F18C5F}.Release|Any CPU.ActiveCfg = Release|Any CPU
		{A1D63A0E-8E00-4D6F-8987-522A69F18C5F}.Release|Any CPU.Build.0 = Release|Any CPU
		{A1D63A0E-8E00-4D6F-8987-522A69F18C5F}.Release|x64.ActiveCfg = Release|Any CPU
		{A1D63A0E-8E00-4D6F-8987-522A69F18C5F}.Release|x64.Build.0 = Release|Any CPU
		{A1D63A0E-8E00-4D6F-8987-522A69F18C5F}.Release|x86.ActiveCfg = Release|Any CPU
		{A1D63A0E-8E00-4D6F-8987-522A69F18C5F}.Release|x86.Build.0 = Release|Any CPU
		{3CF738BB-7654-46AA-8454-4DD833D0B159}.Debug|Any CPU.ActiveCfg = Debug|Any CPU
		{3CF738BB-7654-46AA-8454-4DD833D0B159}.Debug|Any CPU.Build.0 = Debug|Any CPU
		{3CF738BB-7654-46AA-8454-4DD833D0B159}.Debug|x64.ActiveCfg = Debug|Any CPU
		{3CF738BB-7654-46AA-8454-4DD833D0B159}.Debug|x64.Build.0 = Debug|Any CPU
		{3CF738BB-7654-46AA-8454-4DD833D0B159}.Debug|x86.ActiveCfg = Debug|Any CPU
		{3CF738BB-7654-46AA-8454-4DD833D0B159}.Debug|x86.Build.0 = Debug|Any CPU
		{3CF738BB-7654-46AA-8454-4DD833D0B159}.Release|Any CPU.ActiveCfg = Release|Any CPU
		{3CF738BB-7654-46AA-8454-4DD833D0B159}.Release|Any CPU.Build.0 = Release|Any CPU
		{3CF738BB-7654-46AA-8454-4DD833D0B159}.Release|x64.ActiveCfg = Release|Any CPU
		{3CF738BB-7654-46AA-8454-4DD833D0B159}.Release|x64.Build.0 = Release|Any CPU
		{3CF738BB-7654-46AA-8454-4DD833D0B159}.Release|x86.ActiveCfg = Release|Any CPU
		{3CF738BB-7654-46AA-8454-4DD833D0B159}.Release|x86.Build.0 = Release|Any CPU
		{88763437-D0D5-4ABD-AAAF-93DEA94C25B7}.Debug|Any CPU.ActiveCfg = Debug|Any CPU
		{88763437-D0D5-4ABD-AAAF-93DEA94C25B7}.Debug|Any CPU.Build.0 = Debug|Any CPU
		{88763437-D0D5-4ABD-AAAF-93DEA94C25B7}.Debug|x64.ActiveCfg = Debug|Any CPU
		{88763437-D0D5-4ABD-AAAF-93DEA94C25B7}.Debug|x64.Build.0 = Debug|Any CPU
		{88763437-D0D5-4ABD-AAAF-93DEA94C25B7}.Debug|x86.ActiveCfg = Debug|Any CPU
		{88763437-D0D5-4ABD-AAAF-93DEA94C25B7}.Debug|x86.Build.0 = Debug|Any CPU
		{88763437-D0D5-4ABD-AAAF-93DEA94C25B7}.Release|Any CPU.ActiveCfg = Release|Any CPU
		{88763437-D0D5-4ABD-AAAF-93DEA94C25B7}.Release|Any CPU.Build.0 = Release|Any CPU
		{88763437-D0D5-4ABD-AAAF-93DEA94C25B7}.Release|x64.ActiveCfg = Release|Any CPU
		{88763437-D0D5-4ABD-AAAF-93DEA94C25B7}.Release|x64.Build.0 = Release|Any CPU
		{88763437-D0D5-4ABD-AAAF-93DEA94C25B7}.Release|x86.ActiveCfg = Release|Any CPU
		{88763437-D0D5-4ABD-AAAF-93DEA94C25B7}.Release|x86.Build.0 = Release|Any CPU
		{27888A6B-05ED-4B68-8EBF-528241217C15}.Debug|Any CPU.ActiveCfg = Debug|Any CPU
		{27888A6B-05ED-4B68-8EBF-528241217C15}.Debug|Any CPU.Build.0 = Debug|Any CPU
		{27888A6B-05ED-4B68-8EBF-528241217C15}.Debug|x64.ActiveCfg = Debug|Any CPU
		{27888A6B-05ED-4B68-8EBF-528241217C15}.Debug|x64.Build.0 = Debug|Any CPU
		{27888A6B-05ED-4B68-8EBF-528241217C15}.Debug|x86.ActiveCfg = Debug|Any CPU
		{27888A6B-05ED-4B68-8EBF-528241217C15}.Debug|x86.Build.0 = Debug|Any CPU
		{27888A6B-05ED-4B68-8EBF-528241217C15}.Release|Any CPU.ActiveCfg = Release|Any CPU
		{27888A6B-05ED-4B68-8EBF-528241217C15}.Release|Any CPU.Build.0 = Release|Any CPU
		{27888A6B-05ED-4B68-8EBF-528241217C15}.Release|x64.ActiveCfg = Release|Any CPU
		{27888A6B-05ED-4B68-8EBF-528241217C15}.Release|x64.Build.0 = Release|Any CPU
		{27888A6B-05ED-4B68-8EBF-528241217C15}.Release|x86.ActiveCfg = Release|Any CPU
		{27888A6B-05ED-4B68-8EBF-528241217C15}.Release|x86.Build.0 = Release|Any CPU
		{894E4304-27DA-4452-8E60-36EE87C615F2}.Debug|Any CPU.ActiveCfg = Debug|Any CPU
		{894E4304-27DA-4452-8E60-36EE87C615F2}.Debug|Any CPU.Build.0 = Debug|Any CPU
		{894E4304-27DA-4452-8E60-36EE87C615F2}.Debug|x64.ActiveCfg = Debug|Any CPU
		{894E4304-27DA-4452-8E60-36EE87C615F2}.Debug|x64.Build.0 = Debug|Any CPU
		{894E4304-27DA-4452-8E60-36EE87C615F2}.Debug|x86.ActiveCfg = Debug|Any CPU
		{894E4304-27DA-4452-8E60-36EE87C615F2}.Debug|x86.Build.0 = Debug|Any CPU
		{894E4304-27DA-4452-8E60-36EE87C615F2}.Release|Any CPU.ActiveCfg = Release|Any CPU
		{894E4304-27DA-4452-8E60-36EE87C615F2}.Release|Any CPU.Build.0 = Release|Any CPU
		{894E4304-27DA-4452-8E60-36EE87C615F2}.Release|x64.ActiveCfg = Release|Any CPU
		{894E4304-27DA-4452-8E60-36EE87C615F2}.Release|x64.Build.0 = Release|Any CPU
		{894E4304-27DA-4452-8E60-36EE87C615F2}.Release|x86.ActiveCfg = Release|Any CPU
		{894E4304-27DA-4452-8E60-36EE87C615F2}.Release|x86.Build.0 = Release|Any CPU
		{01B3AC7A-8356-42A2-8025-26F554493296}.Debug|Any CPU.ActiveCfg = Debug|Any CPU
		{01B3AC7A-8356-42A2-8025-26F554493296}.Debug|Any CPU.Build.0 = Debug|Any CPU
		{01B3AC7A-8356-42A2-8025-26F554493296}.Debug|x64.ActiveCfg = Debug|Any CPU
		{01B3AC7A-8356-42A2-8025-26F554493296}.Debug|x64.Build.0 = Debug|Any CPU
		{01B3AC7A-8356-42A2-8025-26F554493296}.Debug|x86.ActiveCfg = Debug|Any CPU
		{01B3AC7A-8356-42A2-8025-26F554493296}.Debug|x86.Build.0 = Debug|Any CPU
		{01B3AC7A-8356-42A2-8025-26F554493296}.Release|Any CPU.ActiveCfg = Release|Any CPU
		{01B3AC7A-8356-42A2-8025-26F554493296}.Release|Any CPU.Build.0 = Release|Any CPU
		{01B3AC7A-8356-42A2-8025-26F554493296}.Release|x64.ActiveCfg = Release|Any CPU
		{01B3AC7A-8356-42A2-8025-26F554493296}.Release|x64.Build.0 = Release|Any CPU
		{01B3AC7A-8356-42A2-8025-26F554493296}.Release|x86.ActiveCfg = Release|Any CPU
		{01B3AC7A-8356-42A2-8025-26F554493296}.Release|x86.Build.0 = Release|Any CPU
	EndGlobalSection
	GlobalSection(SolutionProperties) = preSolution
		HideSolutionNode = FALSE
	EndGlobalSection
	GlobalSection(ExtensibilityGlobals) = postSolution
		SolutionGuid = {4DBF8394-1D38-4568-A2E5-5712D2332C9B}
	EndGlobalSection
EndGlobal
